# @generated by Move, please check-in and do not edit manually.

[move]
version = 3
manifest_digest = "5A8CA4D2B25CA4C33A818C6C061E757BCACD7B356545C691BBFD013EE242D03A"
deps_digest = "F8BBB0CCB2491CA29A3DF03D6F92277A4F3574266507ACD77214D37ECA3F3082"
dependencies = [
  { id = "Sui", name = "Sui" },
]

[[move.package]]
id = "MoveStdlib"
source = { git = "https://github.com/MystenLabs/sui.git", rev = "framework/testnet", subdir = "crates\\sui-framework\\packages\\move-stdlib" }

[[move.package]]
id = "Sui"
source = { git = "https://github.com/MystenLabs/sui.git", rev = "framework/testnet", subdir = "crates/sui-framework/packages/sui-framework" }

dependencies = [
  { id = "MoveStdlib", name = "MoveStdlib" },
]

[move.toolchain-version]
compiler-version = "1.62.0"
edition = "2024"
flavor = "sui"

[env]

[env.testnet]
chain-id = "4c78adac"
original-published-id = "0x444068aad6a937140362bf590b83436af84a20aee38bb2ef8a3a4cbaa0e3a3f2"
latest-published-id = "0x444068aad6a937140362bf590b83436af84a20aee38bb2ef8a3a4cbaa0e3a3f2"
published-version = "1"
